
Microsoft Visual Studio Solution File, Format Version 12.00
# Visual Studio Version 16
VisualStudioVersion = 16.0.29728.190
MinimumVisualStudioVersion = 10.0.40219.1
Project("{9A19103F-16F7-4668-BE54-9A1E7A4F7556}") = "AjazzAK33.UI", "AjazzAK33.UI\AjazzAK33.UI.csproj", "{ED719241-769F-45D8-9DF9-2842446144BA}"
EndProject
Project("{9A19103F-16F7-4668-BE54-9A1E7A4F7556}") = "AjazzAK33", "AjazzAK33\AjazzAK33.csproj", "{72B8278F-9C5F-42E0-BEE2-F9C744A7D911}"
EndProject
Global
	GlobalSection(SolutionConfigurationPlatforms) = preSolution
		Debug|Any CPU = Debug|Any CPU
		Release|Any CPU = Release|Any CPU
	EndGlobalSection
	GlobalSection(ProjectConfigurationPlatforms) = postSolution
		{ED719241-769F-45D8-9DF9-2842446144BA}.Debug|Any CPU.ActiveCfg = Debug|Any CPU
		{ED719241-769F-45D8-9DF9-2842446144BA}.Debug|Any CPU.Build.0 = Debug|Any CPU
		{ED719241-769F-45D8-9DF9-2842446144BA}.Release|Any CPU.ActiveCfg = Release|Any CPU
		{ED719241-769F-45D8-9DF9-2842446144BA}.Release|Any CPU.Build.0 = Release|Any CPU
		{72B8278F-9C5F-42E0-BEE2-F9C744A7D911}.Debug|Any CPU.ActiveCfg = Debug|Any CPU
		{72B8278F-9C5F-42E0-BEE2-F9C744A7D911}.Debug|Any CPU.Build.0 = Debug|Any CPU
		{72B8278F-9C5F-42E0-BEE2-F9C744A7D911}.Release|Any CPU.ActiveCfg = Release|Any CPU
		{72B8278F-9C5F-42E0-BEE2-F9C744A7D911}.Release|Any CPU.Build.0 = Release|Any CPU
	EndGlobalSection
	GlobalSection(SolutionProperties) = preSolution
		HideSolutionNode = FALSE
	EndGlobalSection
	GlobalSection(ExtensibilityGlobals) = postSolution
		SolutionGuid = {4F841B25-9FC7-4AA7-AC4E-EA3A33A62955}
	EndGlobalSection
EndGlobal
